// !$*UTF8*$!
{
	archiveVersion = 1;
	classes = {
	};
	objectVersion = 46;
	objects = {

/* Begin PBXBuildFile section */
		84A3852A1A2D81E3004F10C8 /* AppDelegate.swift in Sources */ = {isa = PBXBuildFile; fileRef = 84A385291A2D81E3004F10C8 /* AppDelegate.swift */; };
		84A3852C1A2D81E3004F10C8 /* ViewController.swift in Sources */ = {isa = PBXBuildFile; fileRef = 84A3852B1A2D81E3004F10C8 /* ViewController.swift */; };
		84A3852F1A2D81E3004F10C8 /* Main.storyboard in Resources */ = {isa = PBXBuildFile; fileRef = 84A3852D1A2D81E3004F10C8 /* Main.storyboard */; };
		84A385311A2D81E3004F10C8 /* Images.xcassets in Resources */ = {isa = PBXBuildFile; fileRef = 84A385301A2D81E3004F10C8 /* Images.xcassets */; };
		84A385341A2D81E3004F10C8 /* LaunchScreen.xib in Resources */ = {isa = PBXBuildFile; fileRef = 84A385321A2D81E3004F10C8 /* LaunchScreen.xib */; };
		84A385401A2D81E3004F10C8 /* Chapter15DelegateTests.swift in Sources */ = {isa = PBXBuildFile; fileRef = 84A3853F1A2D81E3004F10C8 /* Chapter15DelegateTests.swift */; };
		84A3854A1A2D8216004F10C8 /* DownloadManager.swift in Sources */ = {isa = PBXBuildFile; fileRef = 84A385491A2D8216004F10C8 /* DownloadManager.swift */; };
/* End PBXBuildFile section */

/* Begin PBXContainerItemProxy section */
		84A3853A1A2D81E3004F10C8 /* PBXContainerItemProxy */ = {
			isa = PBXContainerItemProxy;
			containerPortal = 84A3851C1A2D81E3004F10C8 /* Project object */;
			proxyType = 1;
			remoteGlobalIDString = 84A385231A2D81E3004F10C8;
			remoteInfo = Chapter15Delegate;
		};
/* End PBXContainerItemProxy section */

/* Begin PBXFileReference section */
		84A385241A2D81E3004F10C8 /* Chapter15Delegate.app */ = {isa = PBXFileReference; explicitFileType = wrapper.application; includeInIndex = 0; path = Chapter15Delegate.app; sourceTree = BUILT_PRODUCTS_DIR; };
		84A385281A2D81E3004F10C8 /* Info.plist */ = {isa = PBXFileReference; lastKnownFileType = text.plist.xml; path = Info.plist; sourceTree = "<group>"; };
		84A385291A2D81E3004F10C8 /* AppDelegate.swift */ = {isa = PBXFileReference; lastKnownFileType = sourcecode.swift; path = AppDelegate.swift; sourceTree = "<group>"; };
		84A3852B1A2D81E3004F10C8 /* ViewController.swift */ = {isa = PBXFileReference; lastKnownFileType = sourcecode.swift; path = ViewController.swift; sourceTree = "<group>"; };
		84A3852E1A2D81E3004F10C8 /* Base */ = {isa = PBXFileReference; lastKnownFileType = file.storyboard; name = Base; path = Base.lproj/Main.storyboard; sourceTree = "<group>"; };
		84A385301A2D81E3004F10C8 /* Images.xcassets */ = {isa = PBXFileReference; lastKnownFileType = folder.assetcatalog; path = Images.xcassets; sourceTree = "<group>"; };
		84A385331A2D81E3004F10C8 /* Base */ = {isa = PBXFileReference; lastKnownFileType = file.xib; name = Base; path = Base.lproj/LaunchScreen.xib; sourceTree = "<group>"; };
		84A385391A2D81E3004F10C8 /* Chapter15DelegateTests.xctest */ = {isa = PBXFileReference; explicitFileType = wrapper.cfbundle; includeInIndex = 0; path = Chapter15DelegateTests.xctest; sourceTree = BUILT_PRODUCTS_DIR; };
		84A3853E1A2D81E3004F10C8 /* Info.plist */ = {isa = PBXFileReference; lastKnownFileType = text.plist.xml; path = Info.plist; sourceTree = "<group>"; };
		84A3853F1A2D81E3004F10C8 /* Chapter15DelegateTests.swift */ = {isa = PBXFileReference; lastKnownFileType = sourcecode.swift; path = Chapter15DelegateTests.swift; sourceTree = "<group>"; };
		84A385491A2D8216004F10C8 /* DownloadManager.swift */ = {isa = PBXFileReference; fileEncoding = 4; lastKnownFileType = sourcecode.swift; path = DownloadManager.swift; sourceTree = "<group>"; };
/* End PBXFileReference section */

/* Begin PBXFrameworksBuildPhase section */
		84A385211A2D81E3004F10C8 /* Frameworks */ = {
			isa = PBXFrameworksBuildPhase;
			buildActionMask = 2147483647;
			files = (
			);
			runOnlyForDeploymentPostprocessing = 0;
		};
		84A385361A2D81E3004F10C8 /* Frameworks */ = {
			isa = PBXFrameworksBuildPhase;
			buildActionMask = 2147483647;
			files = (
			);
			runOnlyForDeploymentPostprocessing = 0;
		};
/* End PBXFrameworksBuildPhase section */

/* Begin PBXGroup section */
		84A3851B1A2D81E3004F10C8 = {
			isa = PBXGroup;
			children = (
				84A385261A2D81E3004F10C8 /* Chapter15Delegate */,
				84A3853C1A2D81E3004F10C8 /* Chapter15DelegateTests */,
				84A385251A2D81E3004F10C8 /* Products */,
			);
			sourceTree = "<group>";
		};
		84A385251A2D81E3004F10C8 /* Products */ = {
			isa = PBXGroup;
			children = (
				84A385241A2D81E3004F10C8 /* Chapter15Delegate.app */,
				84A385391A2D81E3004F10C8 /* Chapter15DelegateTests.xctest */,
			);
			name = Products;
			sourceTree = "<group>";
		};
		84A385261A2D81E3004F10C8 /* Chapter15Delegate */ = {
			isa = PBXGroup;
			children = (
				84A385291A2D81E3004F10C8 /* AppDelegate.swift */,
				84A3852B1A2D81E3004F10C8 /* ViewController.swift */,
				84A385491A2D8216004F10C8 /* DownloadManager.swift */,
				84A3852D1A2D81E3004F10C8 /* Main.storyboard */,
				84A385301A2D81E3004F10C8 /* Images.xcassets */,
				84A385321A2D81E3004F10C8 /* LaunchScreen.xib */,
				84A385271A2D81E3004F10C8 /* Supporting Files */,
			);
			path = Chapter15Delegate;
			sourceTree = "<group>";
		};
		84A385271A2D81E3004F10C8 /* Supporting Files */ = {
			isa = PBXGroup;
			children = (
				84A385281A2D81E3004F10C8 /* Info.plist */,
			);
			name = "Supporting Files";
			sourceTree = "<group>";
		};
		84A3853C1A2D81E3004F10C8 /* Chapter15DelegateTests */ = {
			isa = PBXGroup;
			children = (
				84A3853F1A2D81E3004F10C8 /* Chapter15DelegateTests.swift */,
				84A3853D1A2D81E3004F10C8 /* Supporting Files */,
			);
			path = Chapter15DelegateTests;
			sourceTree = "<group>";
		};
		84A3853D1A2D81E3004F10C8 /* Supporting Files */ = {
			isa = PBXGroup;
			children = (
				84A3853E1A2D81E3004F10C8 /* Info.plist */,
			);
			name = "Supporting Files";
			sourceTree = "<group>";
		};
/* End PBXGroup section */

/* Begin PBXNativeTarget section */
		84A385231A2D81E3004F10C8 /* Chapter15Delegate */ = {
			isa = PBXNativeTarget;
			buildConfigurationList = 84A385431A2D81E3004F10C8 /* Build configuration list for PBXNativeTarget "Chapter15Delegate" */;
			buildPhases = (
				84A385201A2D81E3004F10C8 /* Sources */,
				84A385211A2D81E3004F10C8 /* Frameworks */,
				84A385221A2D81E3004F10C8 /* Resources */,
			);
			buildRules = (
			);
			dependencies = (
			);
			name = Chapter15Delegate;
			productName = Chapter15Delegate;
			productReference = 84A385241A2D81E3004F10C8 /* Chapter15Delegate.app */;
			productType = "com.apple.product-type.application";
		};
		84A385381A2D81E3004F10C8 /* Chapter15DelegateTests */ = {
			isa = PBXNativeTarget;
			buildConfigurationList = 84A385461A2D81E3004F10C8 /* Build configuration list for PBXNativeTarget "Chapter15DelegateTests" */;
			buildPhases = (
				84A385351A2D81E3004F10C8 /* Sources */,
				84A385361A2D81E3004F10C8 /* Frameworks */,
				84A385371A2D81E3004F10C8 /* Resources */,
			);
			buildRules = (
			);
			dependencies = (
				84A3853B1A2D81E3004F10C8 /* PBXTargetDependency */,
			);
			name = Chapter15DelegateTests;
			productName = Chapter15DelegateTests;
			productReference = 84A385391A2D81E3004F10C8 /* Chapter15DelegateTests.xctest */;
			productType = "com.apple.product-type.bundle.unit-test";
		};
/* End PBXNativeTarget section */

/* Begin PBXProject section */
		84A3851C1A2D81E3004F10C8 /* Project object */ = {
			isa = PBXProject;
			attributes = {
				LastUpgradeCheck = 0620;
				ORGANIZATIONNAME = "Apress, Inc";
				TargetAttributes = {
					84A385231A2D81E3004F10C8 = {
						CreatedOnToolsVersion = 6.2;
					};
					84A385381A2D81E3004F10C8 = {
						CreatedOnToolsVersion = 6.2;
						TestTargetID = 84A385231A2D81E3004F10C8;
					};
				};
			};
			buildConfigurationList = 84A3851F1A2D81E3004F10C8 /* Build configuration list for PBXProject "Chapter15Delegate" */;
			compatibilityVersion = "Xcode 3.2";
			developmentRegion = English;
			hasScannedForEncodings = 0;
			knownRegions = (
				en,
				Base,
			);
			mainGroup = 84A3851B1A2D81E3004F10C8;
			productRefGroup = 84A385251A2D81E3004F10C8 /* Products */;
			projectDirPath = "";
			projectRoot = "";
			targets = (
				84A385231A2D81E3004F10C8 /* Chapter15Delegate */,
				84A385381A2D81E3004F10C8 /* Chapter15DelegateTests */,
			);
		};
/* End PBXProject section */

/* Begin PBXResourcesBuildPhase section */
		84A385221A2D81E3004F10C8 /* Resources */ = {
			isa = PBXResourcesBuildPhase;
			buildActionMask = 2147483647;
			files = (
				84A3852F1A2D81E3004F10C8 /* Main.storyboard in Resources */,
				84A385341A2D81E3004F10C8 /* LaunchScreen.xib in Resources */,
				84A385311A2D81E3004F10C8 /* Images.xcassets in Resources */,
			);
			runOnlyForDeploymentPostprocessing = 0;
		};
		84A385371A2D81E3004F10C8 /* Resources */ = {
			isa = PBXResourcesBuildPhase;
			buildActionMask = 2147483647;
			files = (
			);
			runOnlyForDeploymentPostprocessing = 0;
		};
/* End PBXResourcesBuildPhase section */

/* Begin PBXSourcesBuildPhase section */
		84A385201A2D81E3004F10C8 /* Sources */ = {
			isa = PBXSourcesBuildPhase;
			buildActionMask = 2147483647;
			files = (
				84A3852C1A2D81E3004F10C8 /* ViewController.swift in Sources */,
				84A3854A1A2D8216004F10C8 /* DownloadManager.swift in Sources */,
				84A3852A1A2D81E3004F10C8 /* AppDelegate.swift in Sources */,
			);
			runOnlyForDeploymentPostprocessing = 0;
		};
		84A385351A2D81E3004F10C8 /* Sources */ = {
			isa = PBXSourcesBuildPhase;
			buildActionMask = 2147483647;
			files = (
				84A385401A2D81E3004F10C8 /* Chapter15DelegateTests.swift in Sources */,
			);
			runOnlyForDeploymentPostprocessing = 0;
		};
/* End PBXSourcesBuildPhase section */

/* Begin PBXTargetDependency section */
		84A3853B1A2D81E3004F10C8 /* PBXTargetDependency */ = {
			isa = PBXTargetDependency;
			target = 84A385231A2D81E3004F10C8 /* Chapter15Delegate */;
			targetProxy = 84A3853A1A2D81E3004F10C8 /* PBXContainerItemProxy */;
		};
/* End PBXTargetDependency section */

/* Begin PBXVariantGroup section */
		84A3852D1A2D81E3004F10C8 /* Main.storyboard */ = {
			isa = PBXVariantGroup;
			children = (
				84A3852E1A2D81E3004F10C8 /* Base */,
			);
			name = Main.storyboard;
			sourceTree = "<group>";
		};
		84A385321A2D81E3004F10C8 /* LaunchScreen.xib */ = {
			isa = PBXVariantGroup;
			children = (
				84A385331A2D81E3004F10C8 /* Base */,
			);
			name = LaunchScreen.xib;
			sourceTree = "<group>";
		};
/* End PBXVariantGroup section */

/* Begin XCBuildConfiguration section */
		84A385411A2D81E3004F10C8 /* Debug */ = {
			isa = XCBuildConfiguration;
			buildSettings = {
				ALWAYS_SEARCH_USER_PATHS = NO;
				CLANG_CXX_LANGUAGE_STANDARD = "gnu++0x";
				CLANG_CXX_LIBRARY = "libc++";
				CLANG_ENABLE_MODULES = YES;
				CLANG_ENABLE_OBJC_ARC = YES;
				CLANG_WARN_BOOL_CONVERSION = YES;
				CLANG_WARN_CONSTANT_CONVERSION = YES;
				CLANG_WARN_DIRECT_OBJC_ISA_USAGE = YES_ERROR;
				CLANG_WARN_EMPTY_BODY = YES;
				CLANG_WARN_ENUM_CONVERSION = YES;
				CLANG_WARN_INT_CONVERSION = YES;
				CLANG_WARN_OBJC_ROOT_CLASS = YES_ERROR;
				CLANG_WARN_UNREACHABLE_CODE = YES;
				CLANG_WARN__DUPLICATE_METHOD_MATCH = YES;
				"CODE_SIGN_IDENTITY[sdk=iphoneos*]" = "iPhone Developer";
				COPY_PHASE_STRIP = NO;
				ENABLE_STRICT_OBJC_MSGSEND = YES;
				GCC_C_LANGUAGE_STANDARD = gnu99;
				GCC_DYNAMIC_NO_PIC = NO;
				GCC_OPTIMIZATION_LEVEL = 0;
				GCC_PREPROCESSOR_DEFINITIONS = (
					"DEBUG=1",
					"$(inherited)",
				);
				GCC_SYMBOLS_PRIVATE_EXTERN = NO;
				GCC_WARN_64_TO_32_BIT_CONVERSION = YES;
				GCC_WARN_ABOUT_RETURN_TYPE = YES_ERROR;
				GCC_WARN_UNDECLARED_SELECTOR = YES;
				GCC_WARN_UNINITIALIZED_AUTOS = YES_AGGRESSIVE;
				GCC_WARN_UNUSED_FUNCTION = YES;
				GCC_WARN_UNUSED_VARIABLE = YES;
				IPHONEOS_DEPLOYMENT_TARGET = 8.2;
				MTL_ENABLE_DEBUG_INFO = YES;
				ONLY_ACTIVE_ARCH = YES;
				SDKROOT = iphoneos;
				SWIFT_OPTIMIZATION_LEVEL = "-Onone";
			};
			name = Debug;
		};
		84A385421A2D81E3004F10C8 /* Release */ = {
			isa = XCBuildConfiguration;
			buildSettings = {
				ALWAYS_SEARCH_USER_PATHS = NO;
				CLANG_CXX_LANGUAGE_STANDARD = "gnu++0x";
				CLANG_CXX_LIBRARY = "libc++";
				CLANG_ENABLE_MODULES = YES;
				CLANG_ENABLE_OBJC_ARC = YES;
				CLANG_WARN_BOOL_CONVERSION = YES;
				CLANG_WARN_CONSTANT_CONVERSION = YES;
				CLANG_WARN_DIRECT_OBJC_ISA_USAGE = YES_ERROR;
				CLANG_WARN_EMPTY_BODY = YES;
				CLANG_WARN_ENUM_CONVERSION = YES;
				CLANG_WARN_INT_CONVERSION = YES;
				CLANG_WARN_OBJC_ROOT_CLASS = YES_ERROR;
				CLANG_WARN_UNREACHABLE_CODE = YES;
				CLANG_WARN__DUPLICATE_METHOD_MATCH = YES;
				"CODE_SIGN_IDENTITY[sdk=iphoneos*]" = "iPhone Developer";
				COPY_PHASE_STRIP = YES;
				ENABLE_NS_ASSERTIONS = NO;
				ENABLE_STRICT_OBJC_MSGSEND = YES;
				GCC_C_LANGUAGE_STANDARD = gnu99;
				GCC_WARN_64_TO_32_BIT_CONVERSION = YES;
				GCC_WARN_ABOUT_RETURN_TYPE = YES_ERROR;
				GCC_WARN_UNDECLARED_SELECTOR = YES;
				GCC_WARN_UNINITIALIZED_AUTOS = YES_AGGRESSIVE;
				GCC_WARN_UNUSED_FUNCTION = YES;
				GCC_WARN_UNUSED_VARIABLE = YES;
				IPHONEOS_DEPLOYMENT_TARGET = 8.2;
				MTL_ENABLE_DEBUG_INFO = NO;
				SDKROOT = iphoneos;
				VALIDATE_PRODUCT = YES;
			};
			name = Release;
		};
		84A385441A2D81E3004F10C8 /* Debug */ = {
			isa = XCBuildConfiguration;
			buildSettings = {
				ASSETCATALOG_COMPILER_APPICON_NAME = AppIcon;
				INFOPLIST_FILE = Chapter15Delegate/Info.plist;
				LD_RUNPATH_SEARCH_PATHS = "$(inherited) @executable_path/Frameworks";
				PRODUCT_NAME = "$(TARGET_NAME)";
			};
			name = Debug;
		};
		84A385451A2D81E3004F10C8 /* Release */ = {
			isa = XCBuildConfiguration;
			buildSettings = {
				ASSETCATALOG_COMPILER_APPICON_NAME = AppIcon;
				INFOPLIST_FILE = Chapter15Delegate/Info.plist;
				LD_RUNPATH_SEARCH_PATHS = "$(inherited) @executable_path/Frameworks";
				PRODUCT_NAME = "$(TARGET_NAME)";
			};
			name = Release;
		};
		84A385471A2D81E3004F10C8 /* Debug */ = {
			isa = XCBuildConfiguration;
			buildSettings = {
				BUNDLE_LOADER = "$(TEST_HOST)";
				FRAMEWORK_SEARCH_PATHS = (
					"$(SDKROOT)/Developer/Library/Frameworks",
					"$(inherited)",
				);
				GCC_PREPROCESSOR_DEFINITIONS = (
					"DEBUG=1",
					"$(inherited)",
				);
				INFOPLIST_FILE = Chapter15DelegateTests/Info.plist;
				LD_RUNPATH_SEARCH_PATHS = "$(inherited) @executable_path/Frameworks @loader_path/Frameworks";
				PRODUCT_NAME = "$(TARGET_NAME)";
				TEST_HOST = "$(BUILT_PRODUCTS_DIR)/Chapter15Delegate.app/Chapter15Delegate";
			};
			name = Debug;
		};
		84A385481A2D81E3004F10C8 /* Release */ = {
			isa = XCBuildConfiguration;
			buildSettings = {
				BUNDLE_LOADER = "$(TEST_HOST)";
				FRAMEWORK_SEARCH_PATHS = (
					"$(SDKROOT)/Developer/Library/Frameworks",
					"$(inherited)",
				);
				INFOPLIST_FILE = Chapter15DelegateTests/Info.plist;
				LD_RUNPATH_SEARCH_PATHS = "$(inherited) @executable_path/Frameworks @loader_path/Frameworks";
				PRODUCT_NAME = "$(TARGET_NAME)";
				TEST_HOST = "$(BUILT_PRODUCTS_DIR)/Chapter15Delegate.app/Chapter15Delegate";
			};
			name = Release;
		};
/* End XCBuildConfiguration section */

/* Begin XCConfigurationList section */
		84A3851F1A2D81E3004F10C8 /* Build configuration list for PBXProject "Chapter15Delegate" */ = {
			isa = XCConfigurationList;
			buildConfigurations = (
				84A385411A2D81E3004F10C8 /* Debug */,
				84A385421A2D81E3004F10C8 /* Release */,
			);
			defaultConfigurationIsVisible = 0;
			defaultConfigurationName = Release;
		};
		84A385431A2D81E3004F10C8 /* Build configuration list for PBXNativeTarget "Chapter15Delegate" */ = {
			isa = XCConfigurationList;
			buildConfigurations = (
				84A385441A2D81E3004F10C8 /* Debug */,
				84A385451A2D81E3004F10C8 /* Release */,
			);
			defaultConfigurationIsVisible = 0;
		};
		84A385461A2D81E3004F10C8 /* Build configuration list for PBXNativeTarget "Chapter15DelegateTests" */ = {
			isa = XCConfigurationList;
			buildConfigurations = (
				84A385471A2D81E3004F10C8 /* Debug */,
				84A385481A2D81E3004F10C8 /* Release */,
			);
			defaultConfigurationIsVisible = 0;
		};
/* End XCConfigurationList section */
	};
	rootObject = 84A3851C1A2D81E3004F10C8 /* Project object */;
}
