// !$*UTF8*$!
{
	archiveVersion = 1;
	classes = {
	};
	objectVersion = 46;
	objects = {

/* Begin PBXBuildFile section */
		8491493819E750010033324B /* AppDelegate.swift in Sources */ = {isa = PBXBuildFile; fileRef = 8491493719E750010033324B /* AppDelegate.swift */; };
		8491493A19E750010033324B /* ViewController.swift in Sources */ = {isa = PBXBuildFile; fileRef = 8491493919E750010033324B /* ViewController.swift */; };
		8491493D19E750010033324B /* Main.storyboard in Resources */ = {isa = PBXBuildFile; fileRef = 8491493B19E750010033324B /* Main.storyboard */; };
		8491493F19E750010033324B /* Images.xcassets in Resources */ = {isa = PBXBuildFile; fileRef = 8491493E19E750010033324B /* Images.xcassets */; };
		8491494219E750010033324B /* LaunchScreen.xib in Resources */ = {isa = PBXBuildFile; fileRef = 8491494019E750010033324B /* LaunchScreen.xib */; };
		8491494E19E750010033324B /* ChapterXXTests.swift in Sources */ = {isa = PBXBuildFile; fileRef = 8491494D19E750010033324B /* ChapterXXTests.swift */; };
		8491495819E750720033324B /* MyPrivateClass.swift in Sources */ = {isa = PBXBuildFile; fileRef = 8491495719E750720033324B /* MyPrivateClass.swift */; };
		8491495A19E7514A0033324B /* MyInternalClass.swift in Sources */ = {isa = PBXBuildFile; fileRef = 8491495919E7514A0033324B /* MyInternalClass.swift */; };
		8491495C19E752E60033324B /* MyPublicClass.swift in Sources */ = {isa = PBXBuildFile; fileRef = 8491495B19E752E60033324B /* MyPublicClass.swift */; };
/* End PBXBuildFile section */

/* Begin PBXContainerItemProxy section */
		8491494819E750010033324B /* PBXContainerItemProxy */ = {
			isa = PBXContainerItemProxy;
			containerPortal = 8491492A19E750010033324B /* Project object */;
			proxyType = 1;
			remoteGlobalIDString = 8491493119E750010033324B;
			remoteInfo = ChapterXX;
		};
/* End PBXContainerItemProxy section */

/* Begin PBXFileReference section */
		8491493219E750010033324B /* ChapterXX.app */ = {isa = PBXFileReference; explicitFileType = wrapper.application; includeInIndex = 0; path = ChapterXX.app; sourceTree = BUILT_PRODUCTS_DIR; };
		8491493619E750010033324B /* Info.plist */ = {isa = PBXFileReference; lastKnownFileType = text.plist.xml; path = Info.plist; sourceTree = "<group>"; };
		8491493719E750010033324B /* AppDelegate.swift */ = {isa = PBXFileReference; lastKnownFileType = sourcecode.swift; path = AppDelegate.swift; sourceTree = "<group>"; };
		8491493919E750010033324B /* ViewController.swift */ = {isa = PBXFileReference; lastKnownFileType = sourcecode.swift; path = ViewController.swift; sourceTree = "<group>"; };
		8491493C19E750010033324B /* Base */ = {isa = PBXFileReference; lastKnownFileType = file.storyboard; name = Base; path = Base.lproj/Main.storyboard; sourceTree = "<group>"; };
		8491493E19E750010033324B /* Images.xcassets */ = {isa = PBXFileReference; lastKnownFileType = folder.assetcatalog; path = Images.xcassets; sourceTree = "<group>"; };
		8491494119E750010033324B /* Base */ = {isa = PBXFileReference; lastKnownFileType = file.xib; name = Base; path = Base.lproj/LaunchScreen.xib; sourceTree = "<group>"; };
		8491494719E750010033324B /* ChapterXXTests.xctest */ = {isa = PBXFileReference; explicitFileType = wrapper.cfbundle; includeInIndex = 0; path = ChapterXXTests.xctest; sourceTree = BUILT_PRODUCTS_DIR; };
		8491494C19E750010033324B /* Info.plist */ = {isa = PBXFileReference; lastKnownFileType = text.plist.xml; path = Info.plist; sourceTree = "<group>"; };
		8491494D19E750010033324B /* ChapterXXTests.swift */ = {isa = PBXFileReference; lastKnownFileType = sourcecode.swift; path = ChapterXXTests.swift; sourceTree = "<group>"; };
		8491495719E750720033324B /* MyPrivateClass.swift */ = {isa = PBXFileReference; fileEncoding = 4; lastKnownFileType = sourcecode.swift; path = MyPrivateClass.swift; sourceTree = "<group>"; };
		8491495919E7514A0033324B /* MyInternalClass.swift */ = {isa = PBXFileReference; fileEncoding = 4; lastKnownFileType = sourcecode.swift; path = MyInternalClass.swift; sourceTree = "<group>"; };
		8491495B19E752E60033324B /* MyPublicClass.swift */ = {isa = PBXFileReference; fileEncoding = 4; lastKnownFileType = sourcecode.swift; path = MyPublicClass.swift; sourceTree = "<group>"; };
/* End PBXFileReference section */

/* Begin PBXFrameworksBuildPhase section */
		8491492F19E750010033324B /* Frameworks */ = {
			isa = PBXFrameworksBuildPhase;
			buildActionMask = 2147483647;
			files = (
			);
			runOnlyForDeploymentPostprocessing = 0;
		};
		8491494419E750010033324B /* Frameworks */ = {
			isa = PBXFrameworksBuildPhase;
			buildActionMask = 2147483647;
			files = (
			);
			runOnlyForDeploymentPostprocessing = 0;
		};
/* End PBXFrameworksBuildPhase section */

/* Begin PBXGroup section */
		8491492919E750010033324B = {
			isa = PBXGroup;
			children = (
				8491493419E750010033324B /* ChapterXX */,
				8491494A19E750010033324B /* ChapterXXTests */,
				8491493319E750010033324B /* Products */,
			);
			sourceTree = "<group>";
		};
		8491493319E750010033324B /* Products */ = {
			isa = PBXGroup;
			children = (
				8491493219E750010033324B /* ChapterXX.app */,
				8491494719E750010033324B /* ChapterXXTests.xctest */,
			);
			name = Products;
			sourceTree = "<group>";
		};
		8491493419E750010033324B /* ChapterXX */ = {
			isa = PBXGroup;
			children = (
				8491493719E750010033324B /* AppDelegate.swift */,
				8491493919E750010033324B /* ViewController.swift */,
				8491493B19E750010033324B /* Main.storyboard */,
				8491495719E750720033324B /* MyPrivateClass.swift */,
				8491495919E7514A0033324B /* MyInternalClass.swift */,
				8491495B19E752E60033324B /* MyPublicClass.swift */,
				8491493E19E750010033324B /* Images.xcassets */,
				8491494019E750010033324B /* LaunchScreen.xib */,
				8491493519E750010033324B /* Supporting Files */,
			);
			path = ChapterXX;
			sourceTree = "<group>";
		};
		8491493519E750010033324B /* Supporting Files */ = {
			isa = PBXGroup;
			children = (
				8491493619E750010033324B /* Info.plist */,
			);
			name = "Supporting Files";
			sourceTree = "<group>";
		};
		8491494A19E750010033324B /* ChapterXXTests */ = {
			isa = PBXGroup;
			children = (
				8491494D19E750010033324B /* ChapterXXTests.swift */,
				8491494B19E750010033324B /* Supporting Files */,
			);
			path = ChapterXXTests;
			sourceTree = "<group>";
		};
		8491494B19E750010033324B /* Supporting Files */ = {
			isa = PBXGroup;
			children = (
				8491494C19E750010033324B /* Info.plist */,
			);
			name = "Supporting Files";
			sourceTree = "<group>";
		};
/* End PBXGroup section */

/* Begin PBXNativeTarget section */
		8491493119E750010033324B /* ChapterXX */ = {
			isa = PBXNativeTarget;
			buildConfigurationList = 8491495119E750010033324B /* Build configuration list for PBXNativeTarget "ChapterXX" */;
			buildPhases = (
				8491492E19E750010033324B /* Sources */,
				8491492F19E750010033324B /* Frameworks */,
				8491493019E750010033324B /* Resources */,
			);
			buildRules = (
			);
			dependencies = (
			);
			name = ChapterXX;
			productName = ChapterXX;
			productReference = 8491493219E750010033324B /* ChapterXX.app */;
			productType = "com.apple.product-type.application";
		};
		8491494619E750010033324B /* ChapterXXTests */ = {
			isa = PBXNativeTarget;
			buildConfigurationList = 8491495419E750010033324B /* Build configuration list for PBXNativeTarget "ChapterXXTests" */;
			buildPhases = (
				8491494319E750010033324B /* Sources */,
				8491494419E750010033324B /* Frameworks */,
				8491494519E750010033324B /* Resources */,
			);
			buildRules = (
			);
			dependencies = (
				8491494919E750010033324B /* PBXTargetDependency */,
			);
			name = ChapterXXTests;
			productName = ChapterXXTests;
			productReference = 8491494719E750010033324B /* ChapterXXTests.xctest */;
			productType = "com.apple.product-type.bundle.unit-test";
		};
/* End PBXNativeTarget section */

/* Begin PBXProject section */
		8491492A19E750010033324B /* Project object */ = {
			isa = PBXProject;
			attributes = {
				LastUpgradeCheck = 0610;
				ORGANIZATIONNAME = "Crimson Research, Inc.";
				TargetAttributes = {
					8491493119E750010033324B = {
						CreatedOnToolsVersion = 6.1;
					};
					8491494619E750010033324B = {
						CreatedOnToolsVersion = 6.1;
						TestTargetID = 8491493119E750010033324B;
					};
				};
			};
			buildConfigurationList = 8491492D19E750010033324B /* Build configuration list for PBXProject "ChapterXX" */;
			compatibilityVersion = "Xcode 3.2";
			developmentRegion = English;
			hasScannedForEncodings = 0;
			knownRegions = (
				en,
				Base,
			);
			mainGroup = 8491492919E750010033324B;
			productRefGroup = 8491493319E750010033324B /* Products */;
			projectDirPath = "";
			projectRoot = "";
			targets = (
				8491493119E750010033324B /* ChapterXX */,
				8491494619E750010033324B /* ChapterXXTests */,
			);
		};
/* End PBXProject section */

/* Begin PBXResourcesBuildPhase section */
		8491493019E750010033324B /* Resources */ = {
			isa = PBXResourcesBuildPhase;
			buildActionMask = 2147483647;
			files = (
				8491493D19E750010033324B /* Main.storyboard in Resources */,
				8491494219E750010033324B /* LaunchScreen.xib in Resources */,
				8491493F19E750010033324B /* Images.xcassets in Resources */,
			);
			runOnlyForDeploymentPostprocessing = 0;
		};
		8491494519E750010033324B /* Resources */ = {
			isa = PBXResourcesBuildPhase;
			buildActionMask = 2147483647;
			files = (
			);
			runOnlyForDeploymentPostprocessing = 0;
		};
/* End PBXResourcesBuildPhase section */

/* Begin PBXSourcesBuildPhase section */
		8491492E19E750010033324B /* Sources */ = {
			isa = PBXSourcesBuildPhase;
			buildActionMask = 2147483647;
			files = (
				8491493A19E750010033324B /* ViewController.swift in Sources */,
				8491495C19E752E60033324B /* MyPublicClass.swift in Sources */,
				8491495A19E7514A0033324B /* MyInternalClass.swift in Sources */,
				8491495819E750720033324B /* MyPrivateClass.swift in Sources */,
				8491493819E750010033324B /* AppDelegate.swift in Sources */,
			);
			runOnlyForDeploymentPostprocessing = 0;
		};
		8491494319E750010033324B /* Sources */ = {
			isa = PBXSourcesBuildPhase;
			buildActionMask = 2147483647;
			files = (
				8491494E19E750010033324B /* ChapterXXTests.swift in Sources */,
			);
			runOnlyForDeploymentPostprocessing = 0;
		};
/* End PBXSourcesBuildPhase section */

/* Begin PBXTargetDependency section */
		8491494919E750010033324B /* PBXTargetDependency */ = {
			isa = PBXTargetDependency;
			target = 8491493119E750010033324B /* ChapterXX */;
			targetProxy = 8491494819E750010033324B /* PBXContainerItemProxy */;
		};
/* End PBXTargetDependency section */

/* Begin PBXVariantGroup section */
		8491493B19E750010033324B /* Main.storyboard */ = {
			isa = PBXVariantGroup;
			children = (
				8491493C19E750010033324B /* Base */,
			);
			name = Main.storyboard;
			sourceTree = "<group>";
		};
		8491494019E750010033324B /* LaunchScreen.xib */ = {
			isa = PBXVariantGroup;
			children = (
				8491494119E750010033324B /* Base */,
			);
			name = LaunchScreen.xib;
			sourceTree = "<group>";
		};
/* End PBXVariantGroup section */

/* Begin XCBuildConfiguration section */
		8491494F19E750010033324B /* Debug */ = {
			isa = XCBuildConfiguration;
			buildSettings = {
				ALWAYS_SEARCH_USER_PATHS = NO;
				CLANG_CXX_LANGUAGE_STANDARD = "gnu++0x";
				CLANG_CXX_LIBRARY = "libc++";
				CLANG_ENABLE_MODULES = YES;
				CLANG_ENABLE_OBJC_ARC = YES;
				CLANG_WARN_BOOL_CONVERSION = YES;
				CLANG_WARN_CONSTANT_CONVERSION = YES;
				CLANG_WARN_DIRECT_OBJC_ISA_USAGE = YES_ERROR;
				CLANG_WARN_EMPTY_BODY = YES;
				CLANG_WARN_ENUM_CONVERSION = YES;
				CLANG_WARN_INT_CONVERSION = YES;
				CLANG_WARN_OBJC_ROOT_CLASS = YES_ERROR;
				CLANG_WARN_UNREACHABLE_CODE = YES;
				CLANG_WARN__DUPLICATE_METHOD_MATCH = YES;
				"CODE_SIGN_IDENTITY[sdk=iphoneos*]" = "iPhone Developer";
				COPY_PHASE_STRIP = NO;
				ENABLE_STRICT_OBJC_MSGSEND = YES;
				GCC_C_LANGUAGE_STANDARD = gnu99;
				GCC_DYNAMIC_NO_PIC = NO;
				GCC_OPTIMIZATION_LEVEL = 0;
				GCC_PREPROCESSOR_DEFINITIONS = (
					"DEBUG=1",
					"$(inherited)",
				);
				GCC_SYMBOLS_PRIVATE_EXTERN = NO;
				GCC_WARN_64_TO_32_BIT_CONVERSION = YES;
				GCC_WARN_ABOUT_RETURN_TYPE = YES_ERROR;
				GCC_WARN_UNDECLARED_SELECTOR = YES;
				GCC_WARN_UNINITIALIZED_AUTOS = YES_AGGRESSIVE;
				GCC_WARN_UNUSED_FUNCTION = YES;
				GCC_WARN_UNUSED_VARIABLE = YES;
				IPHONEOS_DEPLOYMENT_TARGET = 8.1;
				MTL_ENABLE_DEBUG_INFO = YES;
				ONLY_ACTIVE_ARCH = YES;
				SDKROOT = iphoneos;
				SWIFT_OPTIMIZATION_LEVEL = "-Onone";
			};
			name = Debug;
		};
		8491495019E750010033324B /* Release */ = {
			isa = XCBuildConfiguration;
			buildSettings = {
				ALWAYS_SEARCH_USER_PATHS = NO;
				CLANG_CXX_LANGUAGE_STANDARD = "gnu++0x";
				CLANG_CXX_LIBRARY = "libc++";
				CLANG_ENABLE_MODULES = YES;
				CLANG_ENABLE_OBJC_ARC = YES;
				CLANG_WARN_BOOL_CONVERSION = YES;
				CLANG_WARN_CONSTANT_CONVERSION = YES;
				CLANG_WARN_DIRECT_OBJC_ISA_USAGE = YES_ERROR;
				CLANG_WARN_EMPTY_BODY = YES;
				CLANG_WARN_ENUM_CONVERSION = YES;
				CLANG_WARN_INT_CONVERSION = YES;
				CLANG_WARN_OBJC_ROOT_CLASS = YES_ERROR;
				CLANG_WARN_UNREACHABLE_CODE = YES;
				CLANG_WARN__DUPLICATE_METHOD_MATCH = YES;
				"CODE_SIGN_IDENTITY[sdk=iphoneos*]" = "iPhone Developer";
				COPY_PHASE_STRIP = YES;
				ENABLE_NS_ASSERTIONS = NO;
				ENABLE_STRICT_OBJC_MSGSEND = YES;
				GCC_C_LANGUAGE_STANDARD = gnu99;
				GCC_WARN_64_TO_32_BIT_CONVERSION = YES;
				GCC_WARN_ABOUT_RETURN_TYPE = YES_ERROR;
				GCC_WARN_UNDECLARED_SELECTOR = YES;
				GCC_WARN_UNINITIALIZED_AUTOS = YES_AGGRESSIVE;
				GCC_WARN_UNUSED_FUNCTION = YES;
				GCC_WARN_UNUSED_VARIABLE = YES;
				IPHONEOS_DEPLOYMENT_TARGET = 8.1;
				MTL_ENABLE_DEBUG_INFO = NO;
				SDKROOT = iphoneos;
				VALIDATE_PRODUCT = YES;
			};
			name = Release;
		};
		8491495219E750010033324B /* Debug */ = {
			isa = XCBuildConfiguration;
			buildSettings = {
				ASSETCATALOG_COMPILER_APPICON_NAME = AppIcon;
				INFOPLIST_FILE = ChapterXX/Info.plist;
				LD_RUNPATH_SEARCH_PATHS = "$(inherited) @executable_path/Frameworks";
				PRODUCT_NAME = "$(TARGET_NAME)";
			};
			name = Debug;
		};
		8491495319E750010033324B /* Release */ = {
			isa = XCBuildConfiguration;
			buildSettings = {
				ASSETCATALOG_COMPILER_APPICON_NAME = AppIcon;
				INFOPLIST_FILE = ChapterXX/Info.plist;
				LD_RUNPATH_SEARCH_PATHS = "$(inherited) @executable_path/Frameworks";
				PRODUCT_NAME = "$(TARGET_NAME)";
			};
			name = Release;
		};
		8491495519E750010033324B /* Debug */ = {
			isa = XCBuildConfiguration;
			buildSettings = {
				BUNDLE_LOADER = "$(TEST_HOST)";
				FRAMEWORK_SEARCH_PATHS = (
					"$(SDKROOT)/Developer/Library/Frameworks",
					"$(inherited)",
				);
				GCC_PREPROCESSOR_DEFINITIONS = (
					"DEBUG=1",
					"$(inherited)",
				);
				INFOPLIST_FILE = ChapterXXTests/Info.plist;
				LD_RUNPATH_SEARCH_PATHS = "$(inherited) @executable_path/Frameworks @loader_path/Frameworks";
				PRODUCT_NAME = "$(TARGET_NAME)";
				TEST_HOST = "$(BUILT_PRODUCTS_DIR)/ChapterXX.app/ChapterXX";
			};
			name = Debug;
		};
		8491495619E750010033324B /* Release */ = {
			isa = XCBuildConfiguration;
			buildSettings = {
				BUNDLE_LOADER = "$(TEST_HOST)";
				FRAMEWORK_SEARCH_PATHS = (
					"$(SDKROOT)/Developer/Library/Frameworks",
					"$(inherited)",
				);
				INFOPLIST_FILE = ChapterXXTests/Info.plist;
				LD_RUNPATH_SEARCH_PATHS = "$(inherited) @executable_path/Frameworks @loader_path/Frameworks";
				PRODUCT_NAME = "$(TARGET_NAME)";
				TEST_HOST = "$(BUILT_PRODUCTS_DIR)/ChapterXX.app/ChapterXX";
			};
			name = Release;
		};
/* End XCBuildConfiguration section */

/* Begin XCConfigurationList section */
		8491492D19E750010033324B /* Build configuration list for PBXProject "ChapterXX" */ = {
			isa = XCConfigurationList;
			buildConfigurations = (
				8491494F19E750010033324B /* Debug */,
				8491495019E750010033324B /* Release */,
			);
			defaultConfigurationIsVisible = 0;
			defaultConfigurationName = Release;
		};
		8491495119E750010033324B /* Build configuration list for PBXNativeTarget "ChapterXX" */ = {
			isa = XCConfigurationList;
			buildConfigurations = (
				8491495219E750010033324B /* Debug */,
				8491495319E750010033324B /* Release */,
			);
			defaultConfigurationIsVisible = 0;
		};
		8491495419E750010033324B /* Build configuration list for PBXNativeTarget "ChapterXXTests" */ = {
			isa = XCConfigurationList;
			buildConfigurations = (
				8491495519E750010033324B /* Debug */,
				8491495619E750010033324B /* Release */,
			);
			defaultConfigurationIsVisible = 0;
		};
/* End XCConfigurationList section */
	};
	rootObject = 8491492A19E750010033324B /* Project object */;
}
