// !$*UTF8*$!
{
	archiveVersion = 1;
	classes = {
	};
	objectVersion = 46;
	objects = {

/* Begin PBXBuildFile section */
		84CB22331A91722200016C24 /* main.swift in Sources */ = {isa = PBXBuildFile; fileRef = 84CB22321A91722200016C24 /* main.swift */; };
		84CB223A1A9187F800016C24 /* Shapes.swift in Sources */ = {isa = PBXBuildFile; fileRef = 84CB22391A9187F800016C24 /* Shapes.swift */; };
		84CB223C1A91B38F00016C24 /* OOPShapes.swift in Sources */ = {isa = PBXBuildFile; fileRef = 84CB223B1A91B38F00016C24 /* OOPShapes.swift */; };
/* End PBXBuildFile section */

/* Begin PBXCopyFilesBuildPhase section */
		84CB222D1A91722200016C24 /* CopyFiles */ = {
			isa = PBXCopyFilesBuildPhase;
			buildActionMask = 2147483647;
			dstPath = /usr/share/man/man1/;
			dstSubfolderSpec = 0;
			files = (
			);
			runOnlyForDeploymentPostprocessing = 1;
		};
/* End PBXCopyFilesBuildPhase section */

/* Begin PBXFileReference section */
		84CB222F1A91722200016C24 /* Counting */ = {isa = PBXFileReference; explicitFileType = "compiled.mach-o.executable"; includeInIndex = 0; path = Counting; sourceTree = BUILT_PRODUCTS_DIR; };
		84CB22321A91722200016C24 /* main.swift */ = {isa = PBXFileReference; lastKnownFileType = sourcecode.swift; path = main.swift; sourceTree = "<group>"; };
		84CB22391A9187F800016C24 /* Shapes.swift */ = {isa = PBXFileReference; fileEncoding = 4; lastKnownFileType = sourcecode.swift; path = Shapes.swift; sourceTree = "<group>"; };
		84CB223B1A91B38F00016C24 /* OOPShapes.swift */ = {isa = PBXFileReference; fileEncoding = 4; lastKnownFileType = sourcecode.swift; path = OOPShapes.swift; sourceTree = "<group>"; };
/* End PBXFileReference section */

/* Begin PBXFrameworksBuildPhase section */
		84CB222C1A91722200016C24 /* Frameworks */ = {
			isa = PBXFrameworksBuildPhase;
			buildActionMask = 2147483647;
			files = (
			);
			runOnlyForDeploymentPostprocessing = 0;
		};
/* End PBXFrameworksBuildPhase section */

/* Begin PBXGroup section */
		84CB22261A91722200016C24 = {
			isa = PBXGroup;
			children = (
				84CB22311A91722200016C24 /* Counting */,
				84CB22301A91722200016C24 /* Products */,
			);
			sourceTree = "<group>";
		};
		84CB22301A91722200016C24 /* Products */ = {
			isa = PBXGroup;
			children = (
				84CB222F1A91722200016C24 /* Counting */,
			);
			name = Products;
			sourceTree = "<group>";
		};
		84CB22311A91722200016C24 /* Counting */ = {
			isa = PBXGroup;
			children = (
				84CB22321A91722200016C24 /* main.swift */,
				84CB22391A9187F800016C24 /* Shapes.swift */,
				84CB223B1A91B38F00016C24 /* OOPShapes.swift */,
			);
			path = Counting;
			sourceTree = "<group>";
		};
/* End PBXGroup section */

/* Begin PBXNativeTarget section */
		84CB222E1A91722200016C24 /* Counting */ = {
			isa = PBXNativeTarget;
			buildConfigurationList = 84CB22361A91722200016C24 /* Build configuration list for PBXNativeTarget "Counting" */;
			buildPhases = (
				84CB222B1A91722200016C24 /* Sources */,
				84CB222C1A91722200016C24 /* Frameworks */,
				84CB222D1A91722200016C24 /* CopyFiles */,
			);
			buildRules = (
			);
			dependencies = (
			);
			name = Counting;
			productName = Counting;
			productReference = 84CB222F1A91722200016C24 /* Counting */;
			productType = "com.apple.product-type.tool";
		};
/* End PBXNativeTarget section */

/* Begin PBXProject section */
		84CB22271A91722200016C24 /* Project object */ = {
			isa = PBXProject;
			attributes = {
				LastUpgradeCheck = 0620;
				ORGANIZATIONNAME = "Apress, Inc.";
				TargetAttributes = {
					84CB222E1A91722200016C24 = {
						CreatedOnToolsVersion = 6.2;
					};
				};
			};
			buildConfigurationList = 84CB222A1A91722200016C24 /* Build configuration list for PBXProject "Counting" */;
			compatibilityVersion = "Xcode 3.2";
			developmentRegion = English;
			hasScannedForEncodings = 0;
			knownRegions = (
				en,
			);
			mainGroup = 84CB22261A91722200016C24;
			productRefGroup = 84CB22301A91722200016C24 /* Products */;
			projectDirPath = "";
			projectRoot = "";
			targets = (
				84CB222E1A91722200016C24 /* Counting */,
			);
		};
/* End PBXProject section */

/* Begin PBXSourcesBuildPhase section */
		84CB222B1A91722200016C24 /* Sources */ = {
			isa = PBXSourcesBuildPhase;
			buildActionMask = 2147483647;
			files = (
				84CB223C1A91B38F00016C24 /* OOPShapes.swift in Sources */,
				84CB22331A91722200016C24 /* main.swift in Sources */,
				84CB223A1A9187F800016C24 /* Shapes.swift in Sources */,
			);
			runOnlyForDeploymentPostprocessing = 0;
		};
/* End PBXSourcesBuildPhase section */

/* Begin XCBuildConfiguration section */
		84CB22341A91722200016C24 /* Debug */ = {
			isa = XCBuildConfiguration;
			buildSettings = {
				ALWAYS_SEARCH_USER_PATHS = NO;
				CLANG_CXX_LANGUAGE_STANDARD = "gnu++0x";
				CLANG_CXX_LIBRARY = "libc++";
				CLANG_ENABLE_MODULES = YES;
				CLANG_ENABLE_OBJC_ARC = YES;
				CLANG_WARN_BOOL_CONVERSION = YES;
				CLANG_WARN_CONSTANT_CONVERSION = YES;
				CLANG_WARN_DIRECT_OBJC_ISA_USAGE = YES_ERROR;
				CLANG_WARN_EMPTY_BODY = YES;
				CLANG_WARN_ENUM_CONVERSION = YES;
				CLANG_WARN_INT_CONVERSION = YES;
				CLANG_WARN_OBJC_ROOT_CLASS = YES_ERROR;
				CLANG_WARN_UNREACHABLE_CODE = YES;
				CLANG_WARN__DUPLICATE_METHOD_MATCH = YES;
				COPY_PHASE_STRIP = NO;
				ENABLE_STRICT_OBJC_MSGSEND = YES;
				GCC_C_LANGUAGE_STANDARD = gnu99;
				GCC_DYNAMIC_NO_PIC = NO;
				GCC_OPTIMIZATION_LEVEL = 0;
				GCC_PREPROCESSOR_DEFINITIONS = (
					"DEBUG=1",
					"$(inherited)",
				);
				GCC_SYMBOLS_PRIVATE_EXTERN = NO;
				GCC_WARN_64_TO_32_BIT_CONVERSION = YES;
				GCC_WARN_ABOUT_RETURN_TYPE = YES_ERROR;
				GCC_WARN_UNDECLARED_SELECTOR = YES;
				GCC_WARN_UNINITIALIZED_AUTOS = YES_AGGRESSIVE;
				GCC_WARN_UNUSED_FUNCTION = YES;
				GCC_WARN_UNUSED_VARIABLE = YES;
				MACOSX_DEPLOYMENT_TARGET = 10.10;
				MTL_ENABLE_DEBUG_INFO = YES;
				ONLY_ACTIVE_ARCH = YES;
				SDKROOT = macosx;
				SWIFT_OPTIMIZATION_LEVEL = "-Onone";
			};
			name = Debug;
		};
		84CB22351A91722200016C24 /* Release */ = {
			isa = XCBuildConfiguration;
			buildSettings = {
				ALWAYS_SEARCH_USER_PATHS = NO;
				CLANG_CXX_LANGUAGE_STANDARD = "gnu++0x";
				CLANG_CXX_LIBRARY = "libc++";
				CLANG_ENABLE_MODULES = YES;
				CLANG_ENABLE_OBJC_ARC = YES;
				CLANG_WARN_BOOL_CONVERSION = YES;
				CLANG_WARN_CONSTANT_CONVERSION = YES;
				CLANG_WARN_DIRECT_OBJC_ISA_USAGE = YES_ERROR;
				CLANG_WARN_EMPTY_BODY = YES;
				CLANG_WARN_ENUM_CONVERSION = YES;
				CLANG_WARN_INT_CONVERSION = YES;
				CLANG_WARN_OBJC_ROOT_CLASS = YES_ERROR;
				CLANG_WARN_UNREACHABLE_CODE = YES;
				CLANG_WARN__DUPLICATE_METHOD_MATCH = YES;
				COPY_PHASE_STRIP = NO;
				DEBUG_INFORMATION_FORMAT = "dwarf-with-dsym";
				ENABLE_NS_ASSERTIONS = NO;
				ENABLE_STRICT_OBJC_MSGSEND = YES;
				GCC_C_LANGUAGE_STANDARD = gnu99;
				GCC_WARN_64_TO_32_BIT_CONVERSION = YES;
				GCC_WARN_ABOUT_RETURN_TYPE = YES_ERROR;
				GCC_WARN_UNDECLARED_SELECTOR = YES;
				GCC_WARN_UNINITIALIZED_AUTOS = YES_AGGRESSIVE;
				GCC_WARN_UNUSED_FUNCTION = YES;
				GCC_WARN_UNUSED_VARIABLE = YES;
				MACOSX_DEPLOYMENT_TARGET = 10.10;
				MTL_ENABLE_DEBUG_INFO = NO;
				SDKROOT = macosx;
			};
			name = Release;
		};
		84CB22371A91722200016C24 /* Debug */ = {
			isa = XCBuildConfiguration;
			buildSettings = {
				PRODUCT_NAME = "$(TARGET_NAME)";
			};
			name = Debug;
		};
		84CB22381A91722200016C24 /* Release */ = {
			isa = XCBuildConfiguration;
			buildSettings = {
				PRODUCT_NAME = "$(TARGET_NAME)";
			};
			name = Release;
		};
/* End XCBuildConfiguration section */

/* Begin XCConfigurationList section */
		84CB222A1A91722200016C24 /* Build configuration list for PBXProject "Counting" */ = {
			isa = XCConfigurationList;
			buildConfigurations = (
				84CB22341A91722200016C24 /* Debug */,
				84CB22351A91722200016C24 /* Release */,
			);
			defaultConfigurationIsVisible = 0;
			defaultConfigurationName = Release;
		};
		84CB22361A91722200016C24 /* Build configuration list for PBXNativeTarget "Counting" */ = {
			isa = XCConfigurationList;
			buildConfigurations = (
				84CB22371A91722200016C24 /* Debug */,
				84CB22381A91722200016C24 /* Release */,
			);
			defaultConfigurationIsVisible = 0;
		};
/* End XCConfigurationList section */
	};
	rootObject = 84CB22271A91722200016C24 /* Project object */;
}
